
Microsoft Visual Studio Solution File, Format Version 12.00
# Visual Studio Version 16
VisualStudioVersion = 16.0.31402.337
MinimumVisualStudioVersion = 10.0.40219.1
Project("{9A19103F-16F7-4668-BE54-9A1E7A4F7556}") = "GreatestCommonDivisor_Test", "GreatestCommonDivisor_Test\GreatestCommonDivisor_Test.csproj", "{76C897DB-860E-4738-B391-DBC6D59149ED}"
EndProject
Project("{9A19103F-16F7-4668-BE54-9A1E7A4F7556}") = "GreatesCommonDivisor", "GreatesCommonDivisor\GreatesCommonDivisor.csproj", "{71C69D2F-5E22-48F3-B1CA-4A650019E723}"
EndProject
Project("{9A19103F-16F7-4668-BE54-9A1E7A4F7556}") = "Tennis", "Tennis\Tennis.csproj", "{F1025C1B-EE05-47A2-AF6F-E573A3F9FF80}"
EndProject
Project("{9A19103F-16F7-4668-BE54-9A1E7A4F7556}") = "Tennis_Test", "Tennis_Test\Tennis_Test.csproj", "{F5162D5D-2B8F-4B7B-9187-387C2A8E2A7E}"
EndProject
Project("{9A19103F-16F7-4668-BE54-9A1E7A4F7556}") = "PrintDiamond", "PrintDiamond\PrintDiamond.csproj", "{576E0319-16F6-428C-B630-BADB33BC867F}"
EndProject
Project("{9A19103F-16F7-4668-BE54-9A1E7A4F7556}") = "PrintDiamond_Test", "PrintDiamond_Test\PrintDiamond_Test.csproj", "{FCA8399E-404C-4505-B21D-1CEB98ECB75F}"
EndProject
Project("{9A19103F-16F7-4668-BE54-9A1E7A4F7556}") = "TrainReservation", "TrainReservation\TrainReservation.csproj", "{8650A31E-2169-46FB-95CD-4C95896EAAFE}"
EndProject
Project("{9A19103F-16F7-4668-BE54-9A1E7A4F7556}") = "TrainReservation_Test", "TrainReservation_Test\TrainReservation_Test.csproj", "{1AEB6D3F-EA86-449C-92F4-F55760640820}"
EndProject
Project("{FAE04EC0-301F-11D3-BF4B-00C04F79EFBC}") = "NinjectTuto", "NinjectTuto\NinjectTuto.csproj", "{589E4EE2-E65E-4850-A677-507C6F2497FE}"
EndProject
Project("{FAE04EC0-301F-11D3-BF4B-00C04F79EFBC}") = "NinjectTuto_Test", "NinjectTuto_Test\NinjectTuto_Test.csproj", "{C6DCAE65-1B37-4B80-80ED-9856724A77B2}"
EndProject
Global
	GlobalSection(SolutionConfigurationPlatforms) = preSolution
		Debug|Any CPU = Debug|Any CPU
		Release|Any CPU = Release|Any CPU
	EndGlobalSection
	GlobalSection(ProjectConfigurationPlatforms) = postSolution
		{76C897DB-860E-4738-B391-DBC6D59149ED}.Debug|Any CPU.ActiveCfg = Debug|Any CPU
		{76C897DB-860E-4738-B391-DBC6D59149ED}.Debug|Any CPU.Build.0 = Debug|Any CPU
		{76C897DB-860E-4738-B391-DBC6D59149ED}.Release|Any CPU.ActiveCfg = Release|Any CPU
		{76C897DB-860E-4738-B391-DBC6D59149ED}.Release|Any CPU.Build.0 = Release|Any CPU
		{71C69D2F-5E22-48F3-B1CA-4A650019E723}.Debug|Any CPU.ActiveCfg = Debug|Any CPU
		{71C69D2F-5E22-48F3-B1CA-4A650019E723}.Debug|Any CPU.Build.0 = Debug|Any CPU
		{71C69D2F-5E22-48F3-B1CA-4A650019E723}.Release|Any CPU.ActiveCfg = Release|Any CPU
		{71C69D2F-5E22-48F3-B1CA-4A650019E723}.Release|Any CPU.Build.0 = Release|Any CPU
		{F1025C1B-EE05-47A2-AF6F-E573A3F9FF80}.Debug|Any CPU.ActiveCfg = Debug|Any CPU
		{F1025C1B-EE05-47A2-AF6F-E573A3F9FF80}.Debug|Any CPU.Build.0 = Debug|Any CPU
		{F1025C1B-EE05-47A2-AF6F-E573A3F9FF80}.Release|Any CPU.ActiveCfg = Release|Any CPU
		{F1025C1B-EE05-47A2-AF6F-E573A3F9FF80}.Release|Any CPU.Build.0 = Release|Any CPU
		{F5162D5D-2B8F-4B7B-9187-387C2A8E2A7E}.Debug|Any CPU.ActiveCfg = Debug|Any CPU
		{F5162D5D-2B8F-4B7B-9187-387C2A8E2A7E}.Debug|Any CPU.Build.0 = Debug|Any CPU
		{F5162D5D-2B8F-4B7B-9187-387C2A8E2A7E}.Release|Any CPU.ActiveCfg = Release|Any CPU
		{F5162D5D-2B8F-4B7B-9187-387C2A8E2A7E}.Release|Any CPU.Build.0 = Release|Any CPU
		{576E0319-16F6-428C-B630-BADB33BC867F}.Debug|Any CPU.ActiveCfg = Debug|Any CPU
		{576E0319-16F6-428C-B630-BADB33BC867F}.Debug|Any CPU.Build.0 = Debug|Any CPU
		{576E0319-16F6-428C-B630-BADB33BC867F}.Release|Any CPU.ActiveCfg = Release|Any CPU
		{576E0319-16F6-428C-B630-BADB33BC867F}.Release|Any CPU.Build.0 = Release|Any CPU
		{FCA8399E-404C-4505-B21D-1CEB98ECB75F}.Debug|Any CPU.ActiveCfg = Debug|Any CPU
		{FCA8399E-404C-4505-B21D-1CEB98ECB75F}.Debug|Any CPU.Build.0 = Debug|Any CPU
		{FCA8399E-404C-4505-B21D-1CEB98ECB75F}.Release|Any CPU.ActiveCfg = Release|Any CPU
		{FCA8399E-404C-4505-B21D-1CEB98ECB75F}.Release|Any CPU.Build.0 = Release|Any CPU
		{8650A31E-2169-46FB-95CD-4C95896EAAFE}.Debug|Any CPU.ActiveCfg = Debug|Any CPU
		{8650A31E-2169-46FB-95CD-4C95896EAAFE}.Debug|Any CPU.Build.0 = Debug|Any CPU
		{8650A31E-2169-46FB-95CD-4C95896EAAFE}.Release|Any CPU.ActiveCfg = Release|Any CPU
		{8650A31E-2169-46FB-95CD-4C95896EAAFE}.Release|Any CPU.Build.0 = Release|Any CPU
		{1AEB6D3F-EA86-449C-92F4-F55760640820}.Debug|Any CPU.ActiveCfg = Debug|Any CPU
		{1AEB6D3F-EA86-449C-92F4-F55760640820}.Debug|Any CPU.Build.0 = Debug|Any CPU
		{1AEB6D3F-EA86-449C-92F4-F55760640820}.Release|Any CPU.ActiveCfg = Release|Any CPU
		{1AEB6D3F-EA86-449C-92F4-F55760640820}.Release|Any CPU.Build.0 = Release|Any CPU
		{589E4EE2-E65E-4850-A677-507C6F2497FE}.Debug|Any CPU.ActiveCfg = Debug|Any CPU
		{589E4EE2-E65E-4850-A677-507C6F2497FE}.Debug|Any CPU.Build.0 = Debug|Any CPU
		{589E4EE2-E65E-4850-A677-507C6F2497FE}.Release|Any CPU.ActiveCfg = Release|Any CPU
		{589E4EE2-E65E-4850-A677-507C6F2497FE}.Release|Any CPU.Build.0 = Release|Any CPU
		{C6DCAE65-1B37-4B80-80ED-9856724A77B2}.Debug|Any CPU.ActiveCfg = Debug|Any CPU
		{C6DCAE65-1B37-4B80-80ED-9856724A77B2}.Debug|Any CPU.Build.0 = Debug|Any CPU
		{C6DCAE65-1B37-4B80-80ED-9856724A77B2}.Release|Any CPU.ActiveCfg = Release|Any CPU
		{C6DCAE65-1B37-4B80-80ED-9856724A77B2}.Release|Any CPU.Build.0 = Release|Any CPU
	EndGlobalSection
	GlobalSection(SolutionProperties) = preSolution
		HideSolutionNode = FALSE
	EndGlobalSection
	GlobalSection(ExtensibilityGlobals) = postSolution
		SolutionGuid = {3579BA9E-06DD-4401-9946-B2E82724B3A4}
	EndGlobalSection
EndGlobal
